
Microsoft Visual Studio Solution File, Format Version 12.00
# Visual Studio 2012
Project("{FAE04EC0-301F-11D3-BF4B-00C04F79EFBC}") = "BarcodeScanner.Core", "BarcodeScanner.Core\BarcodeScanner.Core.csproj", "{54BCECE2-7CB3-40E5-99CE-B3D0F5E51DB1}"
EndProject
Project("{FAE04EC0-301F-11D3-BF4B-00C04F79EFBC}") = "BarcodeScanner.iOS", "BarcodeScanner.iOS\BarcodeScanner.iOS.csproj", "{88FF2371-4C31-42DF-B923-E20DBE73ED3A}"
EndProject
Global
	GlobalSection(SolutionConfigurationPlatforms) = preSolution
		Debug|Any CPU = Debug|Any CPU
		Release|Any CPU = Release|Any CPU
		Debug|iPhoneSimulator = Debug|iPhoneSimulator
		Release|iPhone = Release|iPhone
		Release|iPhoneSimulator = Release|iPhoneSimulator
		Debug|iPhone = Debug|iPhone
		AdHoc|iPhone = AdHoc|iPhone
		AdHoc|iPhoneSimulator = AdHoc|iPhoneSimulator
	EndGlobalSection
	GlobalSection(ProjectConfigurationPlatforms) = postSolution
		{54BCECE2-7CB3-40E5-99CE-B3D0F5E51DB1}.Debug|Any CPU.ActiveCfg = Debug|Any CPU
		{54BCECE2-7CB3-40E5-99CE-B3D0F5E51DB1}.Debug|Any CPU.Build.0 = Debug|Any CPU
		{54BCECE2-7CB3-40E5-99CE-B3D0F5E51DB1}.Release|Any CPU.ActiveCfg = Release|Any CPU
		{54BCECE2-7CB3-40E5-99CE-B3D0F5E51DB1}.Release|Any CPU.Build.0 = Release|Any CPU
		{54BCECE2-7CB3-40E5-99CE-B3D0F5E51DB1}.Debug|iPhoneSimulator.ActiveCfg = Debug|Any CPU
		{54BCECE2-7CB3-40E5-99CE-B3D0F5E51DB1}.Debug|iPhoneSimulator.Build.0 = Debug|Any CPU
		{54BCECE2-7CB3-40E5-99CE-B3D0F5E51DB1}.Release|iPhone.ActiveCfg = Release|Any CPU
		{54BCECE2-7CB3-40E5-99CE-B3D0F5E51DB1}.Release|iPhone.Build.0 = Release|Any CPU
		{54BCECE2-7CB3-40E5-99CE-B3D0F5E51DB1}.Release|iPhoneSimulator.ActiveCfg = Release|Any CPU
		{54BCECE2-7CB3-40E5-99CE-B3D0F5E51DB1}.Release|iPhoneSimulator.Build.0 = Release|Any CPU
		{54BCECE2-7CB3-40E5-99CE-B3D0F5E51DB1}.Debug|iPhone.ActiveCfg = Debug|Any CPU
		{54BCECE2-7CB3-40E5-99CE-B3D0F5E51DB1}.Debug|iPhone.Build.0 = Debug|Any CPU
		{54BCECE2-7CB3-40E5-99CE-B3D0F5E51DB1}.AdHoc|iPhone.ActiveCfg = AdHoc|iPhone
		{54BCECE2-7CB3-40E5-99CE-B3D0F5E51DB1}.AdHoc|iPhone.Build.0 = AdHoc|iPhone
		{88FF2371-4C31-42DF-B923-E20DBE73ED3A}.Debug|Any CPU.ActiveCfg = Debug|iPhoneSimulator
		{88FF2371-4C31-42DF-B923-E20DBE73ED3A}.Release|Any CPU.ActiveCfg = Debug|iPhoneSimulator
		{88FF2371-4C31-42DF-B923-E20DBE73ED3A}.Debug|iPhoneSimulator.ActiveCfg = Debug|iPhoneSimulator
		{88FF2371-4C31-42DF-B923-E20DBE73ED3A}.Debug|iPhoneSimulator.Build.0 = Debug|iPhoneSimulator
		{88FF2371-4C31-42DF-B923-E20DBE73ED3A}.Release|iPhone.ActiveCfg = Release|iPhone
		{88FF2371-4C31-42DF-B923-E20DBE73ED3A}.Release|iPhone.Build.0 = Release|iPhone
		{88FF2371-4C31-42DF-B923-E20DBE73ED3A}.Release|iPhoneSimulator.ActiveCfg = Release|iPhoneSimulator
		{88FF2371-4C31-42DF-B923-E20DBE73ED3A}.Release|iPhoneSimulator.Build.0 = Release|iPhoneSimulator
		{88FF2371-4C31-42DF-B923-E20DBE73ED3A}.Debug|iPhone.ActiveCfg = Debug|iPhone
		{88FF2371-4C31-42DF-B923-E20DBE73ED3A}.Debug|iPhone.Build.0 = Debug|iPhone
		{88FF2371-4C31-42DF-B923-E20DBE73ED3A}.AdHoc|iPhone.ActiveCfg = AdHoc|iPhone
		{88FF2371-4C31-42DF-B923-E20DBE73ED3A}.AdHoc|iPhone.Build.0 = AdHoc|iPhone
	EndGlobalSection
	GlobalSection(MonoDevelopProperties) = preSolution
		Policies = $0
		$0.TextStylePolicy = $1
		$1.inheritsSet = VisualStudio
		$1.inheritsScope = text/plain
		$1.scope = text/x-csharp
		$0.CSharpFormattingPolicy = $2
		$2.IndentSwitchSection = True
		$2.NewLinesForBracesInProperties = True
		$2.NewLinesForBracesInAccessors = True
		$2.NewLinesForBracesInAnonymousMethods = True
		$2.NewLinesForBracesInControlBlocks = True
		$2.NewLinesForBracesInAnonymousTypes = True
		$2.NewLinesForBracesInObjectCollectionArrayInitializers = True
		$2.NewLinesForBracesInLambdaExpressionBody = True
		$2.NewLineForElse = True
		$2.NewLineForCatch = True
		$2.NewLineForFinally = True
		$2.NewLineForMembersInObjectInit = True
		$2.NewLineForMembersInAnonymousTypes = True
		$2.NewLineForClausesInQuery = True
		$2.SpacingAfterMethodDeclarationName = False
		$2.SpaceAfterMethodCallName = False
		$2.SpaceBeforeOpenSquareBracket = False
		$2.inheritsSet = Mono
		$2.inheritsScope = text/x-csharp
		$2.scope = text/x-csharp
	EndGlobalSection
EndGlobal
